Microsoft Visual Studio Solution File, Format Version 12.00
# Visual Studio Version 17
VisualStudioVersion = 17.5.2.0
MinimumVisualStudioVersion = 10.0.40219.1
Project("{FAE04EC0-301F-11D3-BF4B-00C04F79EFBC}") = "Price", "Price.csproj", "{AA06707D-19A2-37C5-65B6-71443DA10B21}"
EndProject
Global
	GlobalSection(SolutionConfigurationPlatforms) = preSolution
		Debug|Any CPU = Debug|Any CPU
		Release|Any CPU = Release|Any CPU
	EndGlobalSection
	GlobalSection(ProjectConfigurationPlatforms) = postSolution
		{AA06707D-19A2-37C5-65B6-71443DA10B21}.Debug|Any CPU.ActiveCfg = Debug|Any CPU
		{AA06707D-19A2-37C5-65B6-71443DA10B21}.Debug|Any CPU.Build.0 = Debug|Any CPU
		{AA06707D-19A2-37C5-65B6-71443DA10B21}.Release|Any CPU.ActiveCfg = Release|Any CPU
		{AA06707D-19A2-37C5-65B6-71443DA10B21}.Release|Any CPU.Build.0 = Release|Any CPU
	EndGlobalSection
	GlobalSection(SolutionProperties) = preSolution
		HideSolutionNode = FALSE
	EndGlobalSection
	GlobalSection(ExtensibilityGlobals) = postSolution
		SolutionGuid = {766FDF6A-79DF-4ED2-9377-C15EE9A817D1}
	EndGlobalSection
EndGlobal
